Microsoft Visual Studio Solution File, Format Version 12.00
# Visual Studio Version 17
VisualStudioVersion = 17.5.002.0
MinimumVisualStudioVersion = 10.0.40219.1
Project("{9A19103F-16F7-4668-BE54-9A1E7A4F7556}") = "backend", "backend.csproj", "{B5A7BC5D-2564-4D23-B7E6-8CD61E357438}"
EndProject
Global
	GlobalSection(SolutionConfigurationPlatforms) = preSolution
		Debug|Any CPU = Debug|Any CPU
		Release|Any CPU = Release|Any CPU
	EndGlobalSection
	GlobalSection(ProjectConfigurationPlatforms) = postSolution
		{B5A7BC5D-2564-4D23-B7E6-8CD61E357438}.Debug|Any CPU.ActiveCfg = Debug|Any CPU
		{B5A7BC5D-2564-4D23-B7E6-8CD61E357438}.Debug|Any CPU.Build.0 = Debug|Any CPU
		{B5A7BC5D-2564-4D23-B7E6-8CD61E357438}.Release|Any CPU.ActiveCfg = Release|Any CPU
		{B5A7BC5D-2564-4D23-B7E6-8CD61E357438}.Release|Any CPU.Build.0 = Release|Any CPU
	EndGlobalSection
	GlobalSection(SolutionProperties) = preSolution
		HideSolutionNode = FALSE
	EndGlobalSection
	GlobalSection(ExtensibilityGlobals) = postSolution
		SolutionGuid = {581572E7-987A-4CF8-8D24-8B19FE521905}
	EndGlobalSection
EndGlobal
